
Microsoft Visual Studio Solution File, Format Version 12.00
# Visual Studio Version 16
VisualStudioVersion = 16.0.29102.190
MinimumVisualStudioVersion = 10.0.40219.1
Project("{FAE04EC0-301F-11D3-BF4B-00C04F79EFBC}") = "Demonstration", "Demonstration\Demonstration.csproj", "{1060B274-933E-4FCB-9F54-36C4CE751417}"
EndProject
Global
	GlobalSection(SolutionConfigurationPlatforms) = preSolution
		Debug|Any CPU = Debug|Any CPU
		Release|Any CPU = Release|Any CPU
	EndGlobalSection
	GlobalSection(ProjectConfigurationPlatforms) = postSolution
		{1060B274-933E-4FCB-9F54-36C4CE751417}.Debug|Any CPU.ActiveCfg = Debug|Any CPU
		{1060B274-933E-4FCB-9F54-36C4CE751417}.Debug|Any CPU.Build.0 = Debug|Any CPU
		{1060B274-933E-4FCB-9F54-36C4CE751417}.Release|Any CPU.ActiveCfg = Release|Any CPU
		{1060B274-933E-4FCB-9F54-36C4CE751417}.Release|Any CPU.Build.0 = Release|Any CPU
	EndGlobalSection
	GlobalSection(SolutionProperties) = preSolution
		HideSolutionNode = FALSE
	EndGlobalSection
	GlobalSection(ExtensibilityGlobals) = postSolution
		SolutionGuid = {80B801BD-EC7C-4D3B-80A4-588410784E80}
	EndGlobalSection
EndGlobal
